# This file was autogenerated by Stack.
# You should not edit this file by hand.
# For more information, please see the documentation at:
#   https://docs.haskellstack.org/en/stable/lock_files

packages:
- completed:
    hackage: polysemy-zoo-0.8.0.0@sha256:902bb663a6ae7151e548727dd91a8d642fc6ed0dcd7b312aac8d75e37013e638,3880
    pantry-tree:
      size: 2904
      sha256: ebe78b1a302b65bfd60f1a18d203e3bee8f4ac0fa9411ca5fbcedeb5f2caf0fb
  original:
    hackage: polysemy-zoo-0.8.0.0@sha256:902bb663a6ae7151e548727dd91a8d642fc6ed0dcd7b312aac8d75e37013e638,3880
- completed:
    hackage: compact-0.2.0.0@sha256:75ef98cb51201b4a0d6de95cbbb62be6237c092a3d594737346c70c5d56c2380,2413
    pantry-tree:
      size: 546
      sha256: 9514e48c9141b29a5f58b27c2950f17cc1c53eea3d393a6a1ed46ca16e876754
  original:
    hackage: compact-0.2.0.0@sha256:75ef98cb51201b4a0d6de95cbbb62be6237c092a3d594737346c70c5d56c2380,2413
- completed:
    hackage: constraints-0.12@sha256:7edf1e72a92d0a6761da634f08be9123dfcc0dcec11c269cbf465a09721c3481,2322
    pantry-tree:
      size: 867
      sha256: c3422b7121927dd912d2b2b40d12f8addd991b83933d9f1415dfac883ada0c46
  original:
    hackage: constraints-0.12@sha256:7edf1e72a92d0a6761da634f08be9123dfcc0dcec11c269cbf465a09721c3481,2322
- completed:
    hackage: polysemy-1.6.0.0@sha256:29a73b1bf3d0049b12041016b7ee25e76bd8f6e99f9c37c2dde2b46368246697,6184
    pantry-tree:
      size: 4577
      sha256: c4ca508b4a6786fc27e0f484344ce8dba119ea2f7fe47fb7379a51313a94cd10
  original:
    hackage: polysemy-1.6.0.0@sha256:29a73b1bf3d0049b12041016b7ee25e76bd8f6e99f9c37c2dde2b46368246697,6184
- completed:
    hackage: hflags-0.4.3@sha256:f6b85fc7cbd170787f49225646e62d5589e5dd75abe6f26d16287e5fff3e678e,3121
    pantry-tree:
      size: 853
      sha256: 2519de50ccfe2d47f03aad3cff660617aab4beea7a6c003c50f94aa74d63a7c7
  original:
    hackage: hflags-0.4.3@sha256:f6b85fc7cbd170787f49225646e62d5589e5dd75abe6f26d16287e5fff3e678e,3121
snapshots:
- completed:
    size: 590100
    url: https://raw.githubusercontent.com/commercialhaskell/stackage-snapshots/master/lts/18/28.yaml
    sha256: 428ec8d5ce932190d3cbe266b9eb3c175cd81e984babf876b64019e2cbe4ea68
  original: lts-18.28
